
Microsoft Visual Studio Solution File, Format Version 12.00
# Visual Studio Version 17
VisualStudioVersion = 17.1.32407.343
MinimumVisualStudioVersion = 10.0.40219.1
Project("{9A19103F-16F7-4668-BE54-9A1E7A4F7556}") = "Methods", "Methods\Methods.csproj", "{E3B2DF82-BC2B-43E7-B52D-818F6DD90AB3}"
EndProject
Project("{9A19103F-16F7-4668-BE54-9A1E7A4F7556}") = "ReferenceTypes", "ReferenceTypes\ReferenceTypes.csproj", "{6ABDC3E2-C8D8-4EC8-AA97-9708CBD3F4AB}"
EndProject
Project("{9A19103F-16F7-4668-BE54-9A1E7A4F7556}") = "Constructors", "Constructors\Constructors.csproj", "{5A10CF29-ED3B-40A0-BDBC-3F0819060D28}"
EndProject
Project("{9A19103F-16F7-4668-BE54-9A1E7A4F7556}") = "Generics", "Generics\Generics.csproj", "{E61CE2B5-C48F-44ED-9FA1-D6A5342D0393}"
EndProject
Project("{9A19103F-16F7-4668-BE54-9A1E7A4F7556}") = "Classes", "Classes\Classes.csproj", "{C3001FC2-6EAE-4E40-9C4E-7555CE7E05DD}"
EndProject
Project("{FAE04EC0-301F-11D3-BF4B-00C04F79EFBC}") = "RecapDemo1", "RecapDemo1\RecapDemo1.csproj", "{0570BD2F-B11E-431A-AA9F-91B6435EFC82}"
EndProject
Project("{9A19103F-16F7-4668-BE54-9A1E7A4F7556}") = "Interfaces", "Interfaces\Interfaces.csproj", "{AF9F827B-4CB7-4DD3-AD56-372944C4D829}"
EndProject
Project("{9A19103F-16F7-4668-BE54-9A1E7A4F7556}") = "InterfacesDemo", "InterfacesDemo\InterfacesDemo.csproj", "{4E5C92ED-7315-49F7-9535-161DB6D27487}"
EndProject
Project("{9A19103F-16F7-4668-BE54-9A1E7A4F7556}") = "Inheritance", "Inheritance\Inheritance.csproj", "{C2D2F860-7D61-4285-8C23-B7E8911047DF}"
EndProject
Project("{9A19103F-16F7-4668-BE54-9A1E7A4F7556}") = "Interfaces2", "Interfaces2\Interfaces2.csproj", "{A074BC24-08EF-4028-8050-E8BD65326DDA}"
EndProject
Project("{9A19103F-16F7-4668-BE54-9A1E7A4F7556}") = "InterfaceAbstractDemo", "InterfaceAbstractDemo\InterfaceAbstractDemo.csproj", "{26FFC9D4-6A2F-470C-BF04-F1EABE86A326}"
EndProject
Project("{9A19103F-16F7-4668-BE54-9A1E7A4F7556}") = "LinqProject", "LinqProject\LinqProject.csproj", "{65F6C371-0D7C-45A7-940E-BEF3E9B4EB75}"
EndProject
Project("{9A19103F-16F7-4668-BE54-9A1E7A4F7556}") = "LinqQueriesUdemy", "LinqQueriesUdemy\LinqQueriesUdemy.csproj", "{568FCA43-BAED-45A5-9A47-6FA87BF19F06}"
EndProject
Project("{9A19103F-16F7-4668-BE54-9A1E7A4F7556}") = "EntityFramewokDemo", "EntityFramewokDemo\EntityFramewokDemo.csproj", "{49618713-7C76-4D60-886B-9491631794EA}"
EndProject
Project("{FAE04EC0-301F-11D3-BF4B-00C04F79EFBC}") = "AttributesMyWork", "AttributesMyWork\AttributesMyWork.csproj", "{38016B1C-68B3-408B-9088-329BB4D3F795}"
EndProject
Project("{FAE04EC0-301F-11D3-BF4B-00C04F79EFBC}") = "Reflection", "Reflection\Reflection.csproj", "{D81C0ACA-5504-4DC3-B911-A70245CAB81A}"
EndProject
Global
	GlobalSection(SolutionConfigurationPlatforms) = preSolution
		Debug|Any CPU = Debug|Any CPU
		Release|Any CPU = Release|Any CPU
	EndGlobalSection
	GlobalSection(ProjectConfigurationPlatforms) = postSolution
		{E3B2DF82-BC2B-43E7-B52D-818F6DD90AB3}.Debug|Any CPU.ActiveCfg = Debug|Any CPU
		{E3B2DF82-BC2B-43E7-B52D-818F6DD90AB3}.Debug|Any CPU.Build.0 = Debug|Any CPU
		{E3B2DF82-BC2B-43E7-B52D-818F6DD90AB3}.Release|Any CPU.ActiveCfg = Release|Any CPU
		{E3B2DF82-BC2B-43E7-B52D-818F6DD90AB3}.Release|Any CPU.Build.0 = Release|Any CPU
		{6ABDC3E2-C8D8-4EC8-AA97-9708CBD3F4AB}.Debug|Any CPU.ActiveCfg = Debug|Any CPU
		{6ABDC3E2-C8D8-4EC8-AA97-9708CBD3F4AB}.Debug|Any CPU.Build.0 = Debug|Any CPU
		{6ABDC3E2-C8D8-4EC8-AA97-9708CBD3F4AB}.Release|Any CPU.ActiveCfg = Release|Any CPU
		{6ABDC3E2-C8D8-4EC8-AA97-9708CBD3F4AB}.Release|Any CPU.Build.0 = Release|Any CPU
		{5A10CF29-ED3B-40A0-BDBC-3F0819060D28}.Debug|Any CPU.ActiveCfg = Debug|Any CPU
		{5A10CF29-ED3B-40A0-BDBC-3F0819060D28}.Debug|Any CPU.Build.0 = Debug|Any CPU
		{5A10CF29-ED3B-40A0-BDBC-3F0819060D28}.Release|Any CPU.ActiveCfg = Release|Any CPU
		{5A10CF29-ED3B-40A0-BDBC-3F0819060D28}.Release|Any CPU.Build.0 = Release|Any CPU
		{E61CE2B5-C48F-44ED-9FA1-D6A5342D0393}.Debug|Any CPU.ActiveCfg = Debug|Any CPU
		{E61CE2B5-C48F-44ED-9FA1-D6A5342D0393}.Debug|Any CPU.Build.0 = Debug|Any CPU
		{E61CE2B5-C48F-44ED-9FA1-D6A5342D0393}.Release|Any CPU.ActiveCfg = Release|Any CPU
		{E61CE2B5-C48F-44ED-9FA1-D6A5342D0393}.Release|Any CPU.Build.0 = Release|Any CPU
		{C3001FC2-6EAE-4E40-9C4E-7555CE7E05DD}.Debug|Any CPU.ActiveCfg = Debug|Any CPU
		{C3001FC2-6EAE-4E40-9C4E-7555CE7E05DD}.Debug|Any CPU.Build.0 = Debug|Any CPU
		{C3001FC2-6EAE-4E40-9C4E-7555CE7E05DD}.Release|Any CPU.ActiveCfg = Release|Any CPU
		{C3001FC2-6EAE-4E40-9C4E-7555CE7E05DD}.Release|Any CPU.Build.0 = Release|Any CPU
		{0570BD2F-B11E-431A-AA9F-91B6435EFC82}.Debug|Any CPU.ActiveCfg = Debug|Any CPU
		{0570BD2F-B11E-431A-AA9F-91B6435EFC82}.Debug|Any CPU.Build.0 = Debug|Any CPU
		{0570BD2F-B11E-431A-AA9F-91B6435EFC82}.Release|Any CPU.ActiveCfg = Release|Any CPU
		{0570BD2F-B11E-431A-AA9F-91B6435EFC82}.Release|Any CPU.Build.0 = Release|Any CPU
		{AF9F827B-4CB7-4DD3-AD56-372944C4D829}.Debug|Any CPU.ActiveCfg = Debug|Any CPU
		{AF9F827B-4CB7-4DD3-AD56-372944C4D829}.Debug|Any CPU.Build.0 = Debug|Any CPU
		{AF9F827B-4CB7-4DD3-AD56-372944C4D829}.Release|Any CPU.ActiveCfg = Release|Any CPU
		{AF9F827B-4CB7-4DD3-AD56-372944C4D829}.Release|Any CPU.Build.0 = Release|Any CPU
		{4E5C92ED-7315-49F7-9535-161DB6D27487}.Debug|Any CPU.ActiveCfg = Debug|Any CPU
		{4E5C92ED-7315-49F7-9535-161DB6D27487}.Debug|Any CPU.Build.0 = Debug|Any CPU
		{4E5C92ED-7315-49F7-9535-161DB6D27487}.Release|Any CPU.ActiveCfg = Release|Any CPU
		{4E5C92ED-7315-49F7-9535-161DB6D27487}.Release|Any CPU.Build.0 = Release|Any CPU
		{C2D2F860-7D61-4285-8C23-B7E8911047DF}.Debug|Any CPU.ActiveCfg = Debug|Any CPU
		{C2D2F860-7D61-4285-8C23-B7E8911047DF}.Debug|Any CPU.Build.0 = Debug|Any CPU
		{C2D2F860-7D61-4285-8C23-B7E8911047DF}.Release|Any CPU.ActiveCfg = Release|Any CPU
		{C2D2F860-7D61-4285-8C23-B7E8911047DF}.Release|Any CPU.Build.0 = Release|Any CPU
		{A074BC24-08EF-4028-8050-E8BD65326DDA}.Debug|Any CPU.ActiveCfg = Debug|Any CPU
		{A074BC24-08EF-4028-8050-E8BD65326DDA}.Debug|Any CPU.Build.0 = Debug|Any CPU
		{A074BC24-08EF-4028-8050-E8BD65326DDA}.Release|Any CPU.ActiveCfg = Release|Any CPU
		{A074BC24-08EF-4028-8050-E8BD65326DDA}.Release|Any CPU.Build.0 = Release|Any CPU
		{26FFC9D4-6A2F-470C-BF04-F1EABE86A326}.Debug|Any CPU.ActiveCfg = Debug|Any CPU
		{26FFC9D4-6A2F-470C-BF04-F1EABE86A326}.Debug|Any CPU.Build.0 = Debug|Any CPU
		{26FFC9D4-6A2F-470C-BF04-F1EABE86A326}.Release|Any CPU.ActiveCfg = Release|Any CPU
		{26FFC9D4-6A2F-470C-BF04-F1EABE86A326}.Release|Any CPU.Build.0 = Release|Any CPU
		{65F6C371-0D7C-45A7-940E-BEF3E9B4EB75}.Debug|Any CPU.ActiveCfg = Debug|Any CPU
		{65F6C371-0D7C-45A7-940E-BEF3E9B4EB75}.Debug|Any CPU.Build.0 = Debug|Any CPU
		{65F6C371-0D7C-45A7-940E-BEF3E9B4EB75}.Release|Any CPU.ActiveCfg = Release|Any CPU
		{65F6C371-0D7C-45A7-940E-BEF3E9B4EB75}.Release|Any CPU.Build.0 = Release|Any CPU
		{568FCA43-BAED-45A5-9A47-6FA87BF19F06}.Debug|Any CPU.ActiveCfg = Debug|Any CPU
		{568FCA43-BAED-45A5-9A47-6FA87BF19F06}.Debug|Any CPU.Build.0 = Debug|Any CPU
		{568FCA43-BAED-45A5-9A47-6FA87BF19F06}.Release|Any CPU.ActiveCfg = Release|Any CPU
		{568FCA43-BAED-45A5-9A47-6FA87BF19F06}.Release|Any CPU.Build.0 = Release|Any CPU
		{49618713-7C76-4D60-886B-9491631794EA}.Debug|Any CPU.ActiveCfg = Debug|Any CPU
		{49618713-7C76-4D60-886B-9491631794EA}.Debug|Any CPU.Build.0 = Debug|Any CPU
		{49618713-7C76-4D60-886B-9491631794EA}.Release|Any CPU.ActiveCfg = Release|Any CPU
		{49618713-7C76-4D60-886B-9491631794EA}.Release|Any CPU.Build.0 = Release|Any CPU
		{38016B1C-68B3-408B-9088-329BB4D3F795}.Debug|Any CPU.ActiveCfg = Debug|Any CPU
		{38016B1C-68B3-408B-9088-329BB4D3F795}.Debug|Any CPU.Build.0 = Debug|Any CPU
		{38016B1C-68B3-408B-9088-329BB4D3F795}.Release|Any CPU.ActiveCfg = Release|Any CPU
		{38016B1C-68B3-408B-9088-329BB4D3F795}.Release|Any CPU.Build.0 = Release|Any CPU
		{D81C0ACA-5504-4DC3-B911-A70245CAB81A}.Debug|Any CPU.ActiveCfg = Debug|Any CPU
		{D81C0ACA-5504-4DC3-B911-A70245CAB81A}.Debug|Any CPU.Build.0 = Debug|Any CPU
		{D81C0ACA-5504-4DC3-B911-A70245CAB81A}.Release|Any CPU.ActiveCfg = Release|Any CPU
		{D81C0ACA-5504-4DC3-B911-A70245CAB81A}.Release|Any CPU.Build.0 = Release|Any CPU
	EndGlobalSection
	GlobalSection(SolutionProperties) = preSolution
		HideSolutionNode = FALSE
	EndGlobalSection
	GlobalSection(ExtensibilityGlobals) = postSolution
		SolutionGuid = {C1D2E0C4-B1DF-4090-A39A-69BA9E71695F}
	EndGlobalSection
EndGlobal
